
Microsoft Visual Studio Solution File, Format Version 12.00
# Visual Studio Version 17
VisualStudioVersion = 17.0.31903.59
MinimumVisualStudioVersion = 10.0.40219.1
Project("{2150E333-8FDC-42A3-9474-1A3956D46DE8}") = "src", "src", "{F675E864-73ED-4204-8FF0-B1F861AABBCB}"
EndProject
Project("{F2A71F9B-5D33-465A-A702-920D77279786}") = "FunctionalDddMahjong.Domain", "src\FunctionalDddMahjong.Domain\FunctionalDddMahjong.Domain.fsproj", "{39D5F93C-7FD2-486C-84BD-18DA77F4DDCB}"
EndProject
Project("{2150E333-8FDC-42A3-9474-1A3956D46DE8}") = "tests", "tests", "{F52C74CC-248B-45EA-B3AD-94C303392B96}"
EndProject
Project("{F2A71F9B-5D33-465A-A702-920D77279786}") = "FunctionalDddMahjong.Domain.Tests", "tests\FunctionalDddMahjong.Domain.Tests\FunctionalDddMahjong.Domain.Tests.fsproj", "{245DE4E4-BB5E-4C1B-BAB9-C44D9F0EBB8B}"
EndProject
Project("{F2A71F9B-5D33-465A-A702-920D77279786}") = "FunctionalDddMahjong.DomainServices.Tests", "tests\FunctionalDddMahjong.DomainServices.Tests\FunctionalDddMahjong.DomainServices.Tests.fsproj", "{E9027C43-31A9-4713-AED9-40FE891750CF}"
EndProject
Project("{F2A71F9B-5D33-465A-A702-920D77279786}") = "FunctionalDddMahjong.DomainServices", "src\FunctionalDddMahjong.DomainServices\FunctionalDddMahjong.DomainServices.fsproj", "{2143BA8E-B1F2-4DCA-83FF-3E9C52F558C7}"
EndProject
Project("{F2A71F9B-5D33-465A-A702-920D77279786}") = "FunctionalDddMahjong.SharedKernel", "src\FunctionalDddMahjong.SharedKernel\FunctionalDddMahjong.SharedKernel.fsproj", "{A5132C90-32B1-418E-A5CB-22630A9662EE}"
EndProject
Project("{F2A71F9B-5D33-465A-A702-920D77279786}") = "FunctionalDddMahjong.Workflows", "src\FunctionalDddMahjong.Workflows\FunctionalDddMahjong.Workflows.fsproj", "{9F6BCD1A-877E-4B7F-B58A-4FA9FBC0BD62}"
EndProject
Project("{F2A71F9B-5D33-465A-A702-920D77279786}") = "FunctionalDddMahjong.SharedKernel.Tests", "tests\FunctionalDddMahjong.SharedKernel.Tests\FunctionalDddMahjong.SharedKernel.Tests.fsproj", "{BAAAC614-B95B-49A0-923C-9CF6816DB0B0}"
EndProject
Project("{F2A71F9B-5D33-465A-A702-920D77279786}") = "FunctionalDddMahjong.Workflows.Tests", "tests\FunctionalDddMahjong.Workflows.Tests\FunctionalDddMahjong.Workflows.Tests.fsproj", "{CB6B821A-BA09-4FF2-ADE0-21A4FC1517A2}"
EndProject
Project("{F2A71F9B-5D33-465A-A702-920D77279786}") = "FunctionalDddMahjong.Api", "src\FunctionalDddMahjong.Api\FunctionalDddMahjong.Api.fsproj", "{528FBCC6-6CE0-4E62-8EF3-DFDD5078EEBD}"
EndProject
Global
	GlobalSection(SolutionConfigurationPlatforms) = preSolution
		Debug|Any CPU = Debug|Any CPU
		Release|Any CPU = Release|Any CPU
	EndGlobalSection
	GlobalSection(SolutionProperties) = preSolution
		HideSolutionNode = FALSE
	EndGlobalSection
	GlobalSection(ProjectConfigurationPlatforms) = postSolution
		{39D5F93C-7FD2-486C-84BD-18DA77F4DDCB}.Debug|Any CPU.ActiveCfg = Debug|Any CPU
		{39D5F93C-7FD2-486C-84BD-18DA77F4DDCB}.Debug|Any CPU.Build.0 = Debug|Any CPU
		{39D5F93C-7FD2-486C-84BD-18DA77F4DDCB}.Release|Any CPU.ActiveCfg = Release|Any CPU
		{39D5F93C-7FD2-486C-84BD-18DA77F4DDCB}.Release|Any CPU.Build.0 = Release|Any CPU
		{245DE4E4-BB5E-4C1B-BAB9-C44D9F0EBB8B}.Debug|Any CPU.ActiveCfg = Debug|Any CPU
		{245DE4E4-BB5E-4C1B-BAB9-C44D9F0EBB8B}.Debug|Any CPU.Build.0 = Debug|Any CPU
		{245DE4E4-BB5E-4C1B-BAB9-C44D9F0EBB8B}.Release|Any CPU.ActiveCfg = Release|Any CPU
		{245DE4E4-BB5E-4C1B-BAB9-C44D9F0EBB8B}.Release|Any CPU.Build.0 = Release|Any CPU
		{E9027C43-31A9-4713-AED9-40FE891750CF}.Debug|Any CPU.ActiveCfg = Debug|Any CPU
		{E9027C43-31A9-4713-AED9-40FE891750CF}.Debug|Any CPU.Build.0 = Debug|Any CPU
		{E9027C43-31A9-4713-AED9-40FE891750CF}.Release|Any CPU.ActiveCfg = Release|Any CPU
		{E9027C43-31A9-4713-AED9-40FE891750CF}.Release|Any CPU.Build.0 = Release|Any CPU
		{2143BA8E-B1F2-4DCA-83FF-3E9C52F558C7}.Debug|Any CPU.ActiveCfg = Debug|Any CPU
		{2143BA8E-B1F2-4DCA-83FF-3E9C52F558C7}.Debug|Any CPU.Build.0 = Debug|Any CPU
		{2143BA8E-B1F2-4DCA-83FF-3E9C52F558C7}.Release|Any CPU.ActiveCfg = Release|Any CPU
		{2143BA8E-B1F2-4DCA-83FF-3E9C52F558C7}.Release|Any CPU.Build.0 = Release|Any CPU
		{A5132C90-32B1-418E-A5CB-22630A9662EE}.Debug|Any CPU.ActiveCfg = Debug|Any CPU
		{A5132C90-32B1-418E-A5CB-22630A9662EE}.Debug|Any CPU.Build.0 = Debug|Any CPU
		{A5132C90-32B1-418E-A5CB-22630A9662EE}.Release|Any CPU.ActiveCfg = Release|Any CPU
		{A5132C90-32B1-418E-A5CB-22630A9662EE}.Release|Any CPU.Build.0 = Release|Any CPU
		{9F6BCD1A-877E-4B7F-B58A-4FA9FBC0BD62}.Debug|Any CPU.ActiveCfg = Debug|Any CPU
		{9F6BCD1A-877E-4B7F-B58A-4FA9FBC0BD62}.Debug|Any CPU.Build.0 = Debug|Any CPU
		{9F6BCD1A-877E-4B7F-B58A-4FA9FBC0BD62}.Release|Any CPU.ActiveCfg = Release|Any CPU
		{9F6BCD1A-877E-4B7F-B58A-4FA9FBC0BD62}.Release|Any CPU.Build.0 = Release|Any CPU
		{BAAAC614-B95B-49A0-923C-9CF6816DB0B0}.Debug|Any CPU.ActiveCfg = Debug|Any CPU
		{BAAAC614-B95B-49A0-923C-9CF6816DB0B0}.Debug|Any CPU.Build.0 = Debug|Any CPU
		{BAAAC614-B95B-49A0-923C-9CF6816DB0B0}.Release|Any CPU.ActiveCfg = Release|Any CPU
		{BAAAC614-B95B-49A0-923C-9CF6816DB0B0}.Release|Any CPU.Build.0 = Release|Any CPU
		{CB6B821A-BA09-4FF2-ADE0-21A4FC1517A2}.Debug|Any CPU.ActiveCfg = Debug|Any CPU
		{CB6B821A-BA09-4FF2-ADE0-21A4FC1517A2}.Debug|Any CPU.Build.0 = Debug|Any CPU
		{CB6B821A-BA09-4FF2-ADE0-21A4FC1517A2}.Release|Any CPU.ActiveCfg = Release|Any CPU
		{CB6B821A-BA09-4FF2-ADE0-21A4FC1517A2}.Release|Any CPU.Build.0 = Release|Any CPU
		{528FBCC6-6CE0-4E62-8EF3-DFDD5078EEBD}.Debug|Any CPU.ActiveCfg = Debug|Any CPU
		{528FBCC6-6CE0-4E62-8EF3-DFDD5078EEBD}.Debug|Any CPU.Build.0 = Debug|Any CPU
		{528FBCC6-6CE0-4E62-8EF3-DFDD5078EEBD}.Release|Any CPU.ActiveCfg = Release|Any CPU
		{528FBCC6-6CE0-4E62-8EF3-DFDD5078EEBD}.Release|Any CPU.Build.0 = Release|Any CPU
	EndGlobalSection
	GlobalSection(NestedProjects) = preSolution
		{39D5F93C-7FD2-486C-84BD-18DA77F4DDCB} = {F675E864-73ED-4204-8FF0-B1F861AABBCB}
		{245DE4E4-BB5E-4C1B-BAB9-C44D9F0EBB8B} = {F52C74CC-248B-45EA-B3AD-94C303392B96}
		{E9027C43-31A9-4713-AED9-40FE891750CF} = {F52C74CC-248B-45EA-B3AD-94C303392B96}
		{2143BA8E-B1F2-4DCA-83FF-3E9C52F558C7} = {F675E864-73ED-4204-8FF0-B1F861AABBCB}
		{A5132C90-32B1-418E-A5CB-22630A9662EE} = {F675E864-73ED-4204-8FF0-B1F861AABBCB}
		{9F6BCD1A-877E-4B7F-B58A-4FA9FBC0BD62} = {F675E864-73ED-4204-8FF0-B1F861AABBCB}
		{BAAAC614-B95B-49A0-923C-9CF6816DB0B0} = {F52C74CC-248B-45EA-B3AD-94C303392B96}
		{CB6B821A-BA09-4FF2-ADE0-21A4FC1517A2} = {F52C74CC-248B-45EA-B3AD-94C303392B96}
		{528FBCC6-6CE0-4E62-8EF3-DFDD5078EEBD} = {F675E864-73ED-4204-8FF0-B1F861AABBCB}
	EndGlobalSection
EndGlobal
